
Microsoft Visual Studio Solution File, Format Version 12.00
# Visual Studio Version 17
VisualStudioVersion = 17.4.32804.182
MinimumVisualStudioVersion = 10.0.40219.1
Project("{FAE04EC0-301F-11D3-BF4B-00C04F79EFBC}") = "iOSApp1", "iOSApp1\iOSApp1.csproj", "{9C9E1998-9DE7-4775-93BB-AE63022FC1BB}"
EndProject
Global
	GlobalSection(SolutionConfigurationPlatforms) = preSolution
		Debug|Any CPU = Debug|Any CPU
		Release|Any CPU = Release|Any CPU
	EndGlobalSection
	GlobalSection(ProjectConfigurationPlatforms) = postSolution
		{9C9E1998-9DE7-4775-93BB-AE63022FC1BB}.Debug|Any CPU.ActiveCfg = Debug|Any CPU
		{9C9E1998-9DE7-4775-93BB-AE63022FC1BB}.Debug|Any CPU.Build.0 = Debug|Any CPU
		{9C9E1998-9DE7-4775-93BB-AE63022FC1BB}.Debug|Any CPU.Deploy.0 = Debug|Any CPU
		{9C9E1998-9DE7-4775-93BB-AE63022FC1BB}.Release|Any CPU.ActiveCfg = Release|Any CPU
		{9C9E1998-9DE7-4775-93BB-AE63022FC1BB}.Release|Any CPU.Build.0 = Release|Any CPU
		{9C9E1998-9DE7-4775-93BB-AE63022FC1BB}.Release|Any CPU.Deploy.0 = Release|Any CPU
	EndGlobalSection
	GlobalSection(SolutionProperties) = preSolution
		HideSolutionNode = FALSE
	EndGlobalSection
	GlobalSection(ExtensibilityGlobals) = postSolution
		SolutionGuid = {5E773E83-F0E8-49B3-8708-9FC7799DB2C7}
	EndGlobalSection
EndGlobal
